
Microsoft Visual Studio Solution File, Format Version 12.00
# Visual Studio Version 17
VisualStudioVersion = 17.1.32328.378
MinimumVisualStudioVersion = 10.0.40219.1
Project("{2150E333-8FDC-42A3-9474-1A3956D46DE8}") = "Services", "Services", "{9977EC99-15A5-4AD1-B0D6-F3B3F083A0C4}"
EndProject
Project("{2150E333-8FDC-42A3-9474-1A3956D46DE8}") = "Catalog", "Catalog", "{7F89EA77-EF09-4CA5-A3EF-2DDCBB033CA7}"
EndProject
Project("{FAE04EC0-301F-11D3-BF4B-00C04F79EFBC}") = "Catalog.API", "Services\Catalog\Catalog.API\Catalog.API.csproj", "{5C4D73AE-3DE8-424B-8C83-E486D218A04A}"
EndProject
Global
	GlobalSection(SolutionConfigurationPlatforms) = preSolution
		Debug|Any CPU = Debug|Any CPU
		Release|Any CPU = Release|Any CPU
	EndGlobalSection
	GlobalSection(ProjectConfigurationPlatforms) = postSolution
		{5C4D73AE-3DE8-424B-8C83-E486D218A04A}.Debug|Any CPU.ActiveCfg = Debug|Any CPU
		{5C4D73AE-3DE8-424B-8C83-E486D218A04A}.Debug|Any CPU.Build.0 = Debug|Any CPU
		{5C4D73AE-3DE8-424B-8C83-E486D218A04A}.Release|Any CPU.ActiveCfg = Release|Any CPU
		{5C4D73AE-3DE8-424B-8C83-E486D218A04A}.Release|Any CPU.Build.0 = Release|Any CPU
	EndGlobalSection
	GlobalSection(SolutionProperties) = preSolution
		HideSolutionNode = FALSE
	EndGlobalSection
	GlobalSection(NestedProjects) = preSolution
		{7F89EA77-EF09-4CA5-A3EF-2DDCBB033CA7} = {9977EC99-15A5-4AD1-B0D6-F3B3F083A0C4}
		{5C4D73AE-3DE8-424B-8C83-E486D218A04A} = {7F89EA77-EF09-4CA5-A3EF-2DDCBB033CA7}
	EndGlobalSection
	GlobalSection(ExtensibilityGlobals) = postSolution
		SolutionGuid = {2F6E8A53-71B5-4B19-B096-0C90C0B3AEC5}
	EndGlobalSection
EndGlobal
